
Microsoft Visual Studio Solution File, Format Version 12.00
# Visual Studio Version 16
VisualStudioVersion = 16.0.31025.194
MinimumVisualStudioVersion = 10.0.40219.1
Project("{9A19103F-16F7-4668-BE54-9A1E7A4F7556}") = "TwitterSharp", "TwitterSharp\TwitterSharp.csproj", "{194B217B-A4FC-458C-9891-C898FC1CC5A7}"
EndProject
Project("{FAE04EC0-301F-11D3-BF4B-00C04F79EFBC}") = "TwitterSharp.UnitTests", "TwitterSharp.UnitTests\TwitterSharp.UnitTests.csproj", "{455E01B8-9838-4D4B-A0E5-52A5F971832B}"
EndProject
Global
	GlobalSection(SolutionConfigurationPlatforms) = preSolution
		Debug|Any CPU = Debug|Any CPU
		Release|Any CPU = Release|Any CPU
	EndGlobalSection
	GlobalSection(ProjectConfigurationPlatforms) = postSolution
		{194B217B-A4FC-458C-9891-C898FC1CC5A7}.Debug|Any CPU.ActiveCfg = Debug|Any CPU
		{194B217B-A4FC-458C-9891-C898FC1CC5A7}.Debug|Any CPU.Build.0 = Debug|Any CPU
		{194B217B-A4FC-458C-9891-C898FC1CC5A7}.Release|Any CPU.ActiveCfg = Release|Any CPU
		{194B217B-A4FC-458C-9891-C898FC1CC5A7}.Release|Any CPU.Build.0 = Release|Any CPU
		{455E01B8-9838-4D4B-A0E5-52A5F971832B}.Debug|Any CPU.ActiveCfg = Debug|Any CPU
		{455E01B8-9838-4D4B-A0E5-52A5F971832B}.Debug|Any CPU.Build.0 = Debug|Any CPU
		{455E01B8-9838-4D4B-A0E5-52A5F971832B}.Release|Any CPU.ActiveCfg = Release|Any CPU
		{455E01B8-9838-4D4B-A0E5-52A5F971832B}.Release|Any CPU.Build.0 = Release|Any CPU
	EndGlobalSection
	GlobalSection(SolutionProperties) = preSolution
		HideSolutionNode = FALSE
	EndGlobalSection
	GlobalSection(ExtensibilityGlobals) = postSolution
		SolutionGuid = {FA1A55E3-1148-49EF-B4C7-2828B4F1D53D}
	EndGlobalSection
EndGlobal
